
Microsoft Visual Studio Solution File, Format Version 12.00
# Visual Studio Version 17
VisualStudioVersion = 17.13.35825.156 d17.13
MinimumVisualStudioVersion = 10.0.40219.1
Project("{FAE04EC0-301F-11D3-BF4B-00C04F79EFBC}") = "DXApplication2", "DXApplication2\DXApplication2\DXApplication2.csproj", "{A04DC1AD-A21C-44E7-A097-98FED67B2677}"
EndProject
Project("{FAE04EC0-301F-11D3-BF4B-00C04F79EFBC}") = "DXApplication2.Domain", "DXApplication2\DXApplication2.Domain\DXApplication2.Domain.csproj", "{F209C166-92C1-4FB2-925C-2C899EF89978}"
EndProject
Project("{FAE04EC0-301F-11D3-BF4B-00C04F79EFBC}") = "DXApplication2.Infrastructure", "DXApplication2\DXApplication2.Infrastructure\DXApplication2.Infrastructure.csproj", "{88CD09D5-5BC0-4BA9-8855-D549BC159C2D}"
EndProject
Project("{FAE04EC0-301F-11D3-BF4B-00C04F79EFBC}") = "DXApplication2.ReportLibrary", "DXApplication2\DXApplication2.ReportLibrary\DXApplication2.ReportLibrary.csproj", "{13DB8F26-C545-45A9-AD14-226335E224B7}"
EndProject
Global
	GlobalSection(SolutionConfigurationPlatforms) = preSolution
		Debug|Any CPU = Debug|Any CPU
		Release|Any CPU = Release|Any CPU
	EndGlobalSection
	GlobalSection(ProjectConfigurationPlatforms) = postSolution
		{A04DC1AD-A21C-44E7-A097-98FED67B2677}.Debug|Any CPU.ActiveCfg = Debug|Any CPU
		{A04DC1AD-A21C-44E7-A097-98FED67B2677}.Debug|Any CPU.Build.0 = Debug|Any CPU
		{A04DC1AD-A21C-44E7-A097-98FED67B2677}.Debug|Any CPU.Deploy.0 = Debug|Any CPU
		{A04DC1AD-A21C-44E7-A097-98FED67B2677}.Release|Any CPU.ActiveCfg = Release|Any CPU
		{A04DC1AD-A21C-44E7-A097-98FED67B2677}.Release|Any CPU.Build.0 = Release|Any CPU
		{A04DC1AD-A21C-44E7-A097-98FED67B2677}.Release|Any CPU.Deploy.0 = Release|Any CPU
		{F209C166-92C1-4FB2-925C-2C899EF89978}.Debug|Any CPU.ActiveCfg = Debug|Any CPU
		{F209C166-92C1-4FB2-925C-2C899EF89978}.Debug|Any CPU.Build.0 = Debug|Any CPU
		{F209C166-92C1-4FB2-925C-2C899EF89978}.Release|Any CPU.ActiveCfg = Release|Any CPU
		{F209C166-92C1-4FB2-925C-2C899EF89978}.Release|Any CPU.Build.0 = Release|Any CPU
		{88CD09D5-5BC0-4BA9-8855-D549BC159C2D}.Debug|Any CPU.ActiveCfg = Debug|Any CPU
		{88CD09D5-5BC0-4BA9-8855-D549BC159C2D}.Debug|Any CPU.Build.0 = Debug|Any CPU
		{88CD09D5-5BC0-4BA9-8855-D549BC159C2D}.Release|Any CPU.ActiveCfg = Release|Any CPU
		{88CD09D5-5BC0-4BA9-8855-D549BC159C2D}.Release|Any CPU.Build.0 = Release|Any CPU
		{13DB8F26-C545-45A9-AD14-226335E224B7}.Debug|Any CPU.ActiveCfg = Debug|Any CPU
		{13DB8F26-C545-45A9-AD14-226335E224B7}.Debug|Any CPU.Build.0 = Debug|Any CPU
		{13DB8F26-C545-45A9-AD14-226335E224B7}.Release|Any CPU.ActiveCfg = Release|Any CPU
		{13DB8F26-C545-45A9-AD14-226335E224B7}.Release|Any CPU.Build.0 = Release|Any CPU
	EndGlobalSection
	GlobalSection(SolutionProperties) = preSolution
		HideSolutionNode = FALSE
	EndGlobalSection
	GlobalSection(ExtensibilityGlobals) = postSolution
		SolutionGuid = {976F46E8-D474-471A-831F-C6C7914FFCA5}
	EndGlobalSection
EndGlobal
